
Microsoft Visual Studio Solution File, Format Version 12.00
# Visual Studio Version 17
VisualStudioVersion = 17.1.32228.430
MinimumVisualStudioVersion = 10.0.40219.1
Project("{9A19103F-16F7-4668-BE54-9A1E7A4F7556}") = "CommandsREST", "CommandsREST.csproj", "{D0B56411-C2CB-4726-A3C4-64956C4D66B4}"
EndProject
Global
	GlobalSection(SolutionConfigurationPlatforms) = preSolution
		Debug|Any CPU = Debug|Any CPU
		Release|Any CPU = Release|Any CPU
	EndGlobalSection
	GlobalSection(ProjectConfigurationPlatforms) = postSolution
		{D0B56411-C2CB-4726-A3C4-64956C4D66B4}.Debug|Any CPU.ActiveCfg = Debug|Any CPU
		{D0B56411-C2CB-4726-A3C4-64956C4D66B4}.Debug|Any CPU.Build.0 = Debug|Any CPU
		{D0B56411-C2CB-4726-A3C4-64956C4D66B4}.Release|Any CPU.ActiveCfg = Release|Any CPU
		{D0B56411-C2CB-4726-A3C4-64956C4D66B4}.Release|Any CPU.Build.0 = Release|Any CPU
	EndGlobalSection
	GlobalSection(SolutionProperties) = preSolution
		HideSolutionNode = FALSE
	EndGlobalSection
	GlobalSection(ExtensibilityGlobals) = postSolution
		SolutionGuid = {23B22EA8-E4E9-4853-9C29-96975B97DA7C}
	EndGlobalSection
EndGlobal
